
Microsoft Visual Studio Solution File, Format Version 12.00
# Visual Studio Version 16
VisualStudioVersion = 16.0.33529.622
MinimumVisualStudioVersion = 10.0.40219.1
Project("{FAE04EC0-301F-11D3-BF4B-00C04F79EFBC}") = "CraerQR", "CraerQR\CraerQR.csproj", "{86AB5E18-81C2-4636-AFFA-0E90D3E1A986}"
EndProject
Global
	GlobalSection(SolutionConfigurationPlatforms) = preSolution
		Debug|Any CPU = Debug|Any CPU
		Release|Any CPU = Release|Any CPU
	EndGlobalSection
	GlobalSection(ProjectConfigurationPlatforms) = postSolution
		{86AB5E18-81C2-4636-AFFA-0E90D3E1A986}.Debug|Any CPU.ActiveCfg = Debug|Any CPU
		{86AB5E18-81C2-4636-AFFA-0E90D3E1A986}.Debug|Any CPU.Build.0 = Debug|Any CPU
		{86AB5E18-81C2-4636-AFFA-0E90D3E1A986}.Release|Any CPU.ActiveCfg = Release|Any CPU
		{86AB5E18-81C2-4636-AFFA-0E90D3E1A986}.Release|Any CPU.Build.0 = Release|Any CPU
	EndGlobalSection
	GlobalSection(SolutionProperties) = preSolution
		HideSolutionNode = FALSE
	EndGlobalSection
	GlobalSection(ExtensibilityGlobals) = postSolution
		SolutionGuid = {16A953B3-465F-451B-A4C7-B88912EDB05F}
	EndGlobalSection
EndGlobal
